
Microsoft Visual Studio Solution File, Format Version 12.00
# Visual Studio 14
VisualStudioVersion = 14.0.23107.0
MinimumVisualStudioVersion = 10.0.40219.1
Project("{FAE04EC0-301F-11D3-BF4B-00C04F79EFBC}") = "Unicode Converter", "Unicode Converter\Unicode Converter.csproj", "{A6694F0A-65D2-4C90-8080-56572786323C}"
EndProject
Global
	GlobalSection(SolutionConfigurationPlatforms) = preSolution
		Debug|Any CPU = Debug|Any CPU
		Release|Any CPU = Release|Any CPU
	EndGlobalSection
	GlobalSection(ProjectConfigurationPlatforms) = postSolution
		{A6694F0A-65D2-4C90-8080-56572786323C}.Debug|Any CPU.ActiveCfg = Debug|x86
		{A6694F0A-65D2-4C90-8080-56572786323C}.Debug|Any CPU.Build.0 = Debug|x86
		{A6694F0A-65D2-4C90-8080-56572786323C}.Release|Any CPU.ActiveCfg = Release|Any CPU
		{A6694F0A-65D2-4C90-8080-56572786323C}.Release|Any CPU.Build.0 = Release|Any CPU
	EndGlobalSection
	GlobalSection(SolutionProperties) = preSolution
		HideSolutionNode = FALSE
	EndGlobalSection
EndGlobal
